
Microsoft Visual Studio Solution File, Format Version 12.00
# Visual Studio 15
VisualStudioVersion = 15.0.26124.0
MinimumVisualStudioVersion = 15.0.26124.0
Project("{FAE04EC0-301F-11D3-BF4B-00C04F79EFBC}") = "Driver", "Driver\Driver.csproj", "{8A7CCB41-714C-4D02-9121-030056497D99}"
EndProject
Project("{FAE04EC0-301F-11D3-BF4B-00C04F79EFBC}") = "SearchEngineNestLib", "SearchEngineNestLib\SearchEngineNestLib.csproj", "{05FE83B9-3F9F-4DC5-B622-7E85B6EA9F27}"
EndProject
Global
	GlobalSection(SolutionConfigurationPlatforms) = preSolution
		Debug|Any CPU = Debug|Any CPU
		Debug|x64 = Debug|x64
		Debug|x86 = Debug|x86
		Release|Any CPU = Release|Any CPU
		Release|x64 = Release|x64
		Release|x86 = Release|x86
	EndGlobalSection
	GlobalSection(SolutionProperties) = preSolution
		HideSolutionNode = FALSE
	EndGlobalSection
	GlobalSection(ProjectConfigurationPlatforms) = postSolution
		{8A7CCB41-714C-4D02-9121-030056497D99}.Debug|Any CPU.ActiveCfg = Debug|Any CPU
		{8A7CCB41-714C-4D02-9121-030056497D99}.Debug|Any CPU.Build.0 = Debug|Any CPU
		{8A7CCB41-714C-4D02-9121-030056497D99}.Debug|x64.ActiveCfg = Debug|Any CPU
		{8A7CCB41-714C-4D02-9121-030056497D99}.Debug|x64.Build.0 = Debug|Any CPU
		{8A7CCB41-714C-4D02-9121-030056497D99}.Debug|x86.ActiveCfg = Debug|Any CPU
		{8A7CCB41-714C-4D02-9121-030056497D99}.Debug|x86.Build.0 = Debug|Any CPU
		{8A7CCB41-714C-4D02-9121-030056497D99}.Release|Any CPU.ActiveCfg = Release|Any CPU
		{8A7CCB41-714C-4D02-9121-030056497D99}.Release|Any CPU.Build.0 = Release|Any CPU
		{8A7CCB41-714C-4D02-9121-030056497D99}.Release|x64.ActiveCfg = Release|Any CPU
		{8A7CCB41-714C-4D02-9121-030056497D99}.Release|x64.Build.0 = Release|Any CPU
		{8A7CCB41-714C-4D02-9121-030056497D99}.Release|x86.ActiveCfg = Release|Any CPU
		{8A7CCB41-714C-4D02-9121-030056497D99}.Release|x86.Build.0 = Release|Any CPU
		{05FE83B9-3F9F-4DC5-B622-7E85B6EA9F27}.Debug|Any CPU.ActiveCfg = Debug|Any CPU
		{05FE83B9-3F9F-4DC5-B622-7E85B6EA9F27}.Debug|Any CPU.Build.0 = Debug|Any CPU
		{05FE83B9-3F9F-4DC5-B622-7E85B6EA9F27}.Debug|x64.ActiveCfg = Debug|Any CPU
		{05FE83B9-3F9F-4DC5-B622-7E85B6EA9F27}.Debug|x64.Build.0 = Debug|Any CPU
		{05FE83B9-3F9F-4DC5-B622-7E85B6EA9F27}.Debug|x86.ActiveCfg = Debug|Any CPU
		{05FE83B9-3F9F-4DC5-B622-7E85B6EA9F27}.Debug|x86.Build.0 = Debug|Any CPU
		{05FE83B9-3F9F-4DC5-B622-7E85B6EA9F27}.Release|Any CPU.ActiveCfg = Release|Any CPU
		{05FE83B9-3F9F-4DC5-B622-7E85B6EA9F27}.Release|Any CPU.Build.0 = Release|Any CPU
		{05FE83B9-3F9F-4DC5-B622-7E85B6EA9F27}.Release|x64.ActiveCfg = Release|Any CPU
		{05FE83B9-3F9F-4DC5-B622-7E85B6EA9F27}.Release|x64.Build.0 = Release|Any CPU
		{05FE83B9-3F9F-4DC5-B622-7E85B6EA9F27}.Release|x86.ActiveCfg = Release|Any CPU
		{05FE83B9-3F9F-4DC5-B622-7E85B6EA9F27}.Release|x86.Build.0 = Release|Any CPU
	EndGlobalSection
EndGlobal
