
Microsoft Visual Studio Solution File, Format Version 12.00
# Visual Studio 15
VisualStudioVersion = 15.0.26124.0
MinimumVisualStudioVersion = 15.0.26124.0
Project("{FAE04EC0-301F-11D3-BF4B-00C04F79EFBC}") = "ElasticLib", "ElasticLib\ElasticLib.csproj", "{D2DC44BA-D5AD-4F7E-AE97-9A9496A052DB}"
EndProject
Project("{FAE04EC0-301F-11D3-BF4B-00C04F79EFBC}") = "Driver", "Driver\Driver.csproj", "{CB6CB1E5-E4F0-4B05-B844-CAB6315D13FB}"
EndProject
Global
	GlobalSection(SolutionConfigurationPlatforms) = preSolution
		Debug|Any CPU = Debug|Any CPU
		Debug|x64 = Debug|x64
		Debug|x86 = Debug|x86
		Release|Any CPU = Release|Any CPU
		Release|x64 = Release|x64
		Release|x86 = Release|x86
	EndGlobalSection
	GlobalSection(SolutionProperties) = preSolution
		HideSolutionNode = FALSE
	EndGlobalSection
	GlobalSection(ProjectConfigurationPlatforms) = postSolution
		{D2DC44BA-D5AD-4F7E-AE97-9A9496A052DB}.Debug|Any CPU.ActiveCfg = Debug|Any CPU
		{D2DC44BA-D5AD-4F7E-AE97-9A9496A052DB}.Debug|Any CPU.Build.0 = Debug|Any CPU
		{D2DC44BA-D5AD-4F7E-AE97-9A9496A052DB}.Debug|x64.ActiveCfg = Debug|Any CPU
		{D2DC44BA-D5AD-4F7E-AE97-9A9496A052DB}.Debug|x64.Build.0 = Debug|Any CPU
		{D2DC44BA-D5AD-4F7E-AE97-9A9496A052DB}.Debug|x86.ActiveCfg = Debug|Any CPU
		{D2DC44BA-D5AD-4F7E-AE97-9A9496A052DB}.Debug|x86.Build.0 = Debug|Any CPU
		{D2DC44BA-D5AD-4F7E-AE97-9A9496A052DB}.Release|Any CPU.ActiveCfg = Release|Any CPU
		{D2DC44BA-D5AD-4F7E-AE97-9A9496A052DB}.Release|Any CPU.Build.0 = Release|Any CPU
		{D2DC44BA-D5AD-4F7E-AE97-9A9496A052DB}.Release|x64.ActiveCfg = Release|Any CPU
		{D2DC44BA-D5AD-4F7E-AE97-9A9496A052DB}.Release|x64.Build.0 = Release|Any CPU
		{D2DC44BA-D5AD-4F7E-AE97-9A9496A052DB}.Release|x86.ActiveCfg = Release|Any CPU
		{D2DC44BA-D5AD-4F7E-AE97-9A9496A052DB}.Release|x86.Build.0 = Release|Any CPU
		{CB6CB1E5-E4F0-4B05-B844-CAB6315D13FB}.Debug|Any CPU.ActiveCfg = Debug|Any CPU
		{CB6CB1E5-E4F0-4B05-B844-CAB6315D13FB}.Debug|Any CPU.Build.0 = Debug|Any CPU
		{CB6CB1E5-E4F0-4B05-B844-CAB6315D13FB}.Debug|x64.ActiveCfg = Debug|Any CPU
		{CB6CB1E5-E4F0-4B05-B844-CAB6315D13FB}.Debug|x64.Build.0 = Debug|Any CPU
		{CB6CB1E5-E4F0-4B05-B844-CAB6315D13FB}.Debug|x86.ActiveCfg = Debug|Any CPU
		{CB6CB1E5-E4F0-4B05-B844-CAB6315D13FB}.Debug|x86.Build.0 = Debug|Any CPU
		{CB6CB1E5-E4F0-4B05-B844-CAB6315D13FB}.Release|Any CPU.ActiveCfg = Release|Any CPU
		{CB6CB1E5-E4F0-4B05-B844-CAB6315D13FB}.Release|Any CPU.Build.0 = Release|Any CPU
		{CB6CB1E5-E4F0-4B05-B844-CAB6315D13FB}.Release|x64.ActiveCfg = Release|Any CPU
		{CB6CB1E5-E4F0-4B05-B844-CAB6315D13FB}.Release|x64.Build.0 = Release|Any CPU
		{CB6CB1E5-E4F0-4B05-B844-CAB6315D13FB}.Release|x86.ActiveCfg = Release|Any CPU
		{CB6CB1E5-E4F0-4B05-B844-CAB6315D13FB}.Release|x86.Build.0 = Release|Any CPU
	EndGlobalSection
EndGlobal
